// !$*UTF8*$!
{
	archiveVersion = 1;
	classes = {
	};
	objectVersion = 56;
	objects = {

/* Begin PBXBuildFile section */
		3108A77C2B67F5C9004708EF /* BasicUnitTestApp.swift in Sources */ = {isa = PBXBuildFile; fileRef = 3108A77B2B67F5C9004708EF /* BasicUnitTestApp.swift */; };
		3108A77E2B67F5C9004708EF /* ContentView.swift in Sources */ = {isa = PBXBuildFile; fileRef = 3108A77D2B67F5C9004708EF /* ContentView.swift */; };
		3108A7802B67F5CB004708EF /* Assets.xcassets in Resources */ = {isa = PBXBuildFile; fileRef = 3108A77F2B67F5CB004708EF /* Assets.xcassets */; };
		3108A7832B67F5CB004708EF /* Preview Assets.xcassets in Resources */ = {isa = PBXBuildFile; fileRef = 3108A7822B67F5CB004708EF /* Preview Assets.xcassets */; };
		3108A7902B67F66A004708EF /* BasicUnitTestTests.swift in Sources */ = {isa = PBXBuildFile; fileRef = 3108A78F2B67F66A004708EF /* BasicUnitTestTests.swift */; };
		3108A7972B680078004708EF /* TestPerson.swift in Sources */ = {isa = PBXBuildFile; fileRef = 3108A7962B680078004708EF /* TestPerson.swift */; };
		3108A7992B680283004708EF /* Person.swift in Sources */ = {isa = PBXBuildFile; fileRef = 3108A7982B680283004708EF /* Person.swift */; };
/* End PBXBuildFile section */

/* Begin PBXContainerItemProxy section */
		3108A7912B67F66A004708EF /* PBXContainerItemProxy */ = {
			isa = PBXContainerItemProxy;
			containerPortal = 3108A7702B67F5C9004708EF /* Project object */;
			proxyType = 1;
			remoteGlobalIDString = 3108A7772B67F5C9004708EF;
			remoteInfo = BasicUnitTest;
		};
/* End PBXContainerItemProxy section */

/* Begin PBXFileReference section */
		3108A7782B67F5C9004708EF /* BasicUnitTest.app */ = {isa = PBXFileReference; explicitFileType = wrapper.application; includeInIndex = 0; path = BasicUnitTest.app; sourceTree = BUILT_PRODUCTS_DIR; };
		3108A77B2B67F5C9004708EF /* BasicUnitTestApp.swift */ = {isa = PBXFileReference; lastKnownFileType = sourcecode.swift; path = BasicUnitTestApp.swift; sourceTree = "<group>"; };
		3108A77D2B67F5C9004708EF /* ContentView.swift */ = {isa = PBXFileReference; lastKnownFileType = sourcecode.swift; path = ContentView.swift; sourceTree = "<group>"; };
		3108A77F2B67F5CB004708EF /* Assets.xcassets */ = {isa = PBXFileReference; lastKnownFileType = folder.assetcatalog; path = Assets.xcassets; sourceTree = "<group>"; };
		3108A7822B67F5CB004708EF /* Preview Assets.xcassets */ = {isa = PBXFileReference; lastKnownFileType = folder.assetcatalog; path = "Preview Assets.xcassets"; sourceTree = "<group>"; };
		3108A78D2B67F669004708EF /* BasicUnitTestTests.xctest */ = {isa = PBXFileReference; explicitFileType = wrapper.cfbundle; includeInIndex = 0; path = BasicUnitTestTests.xctest; sourceTree = BUILT_PRODUCTS_DIR; };
		3108A78F2B67F66A004708EF /* BasicUnitTestTests.swift */ = {isa = PBXFileReference; lastKnownFileType = sourcecode.swift; path = BasicUnitTestTests.swift; sourceTree = "<group>"; };
		3108A7962B680078004708EF /* TestPerson.swift */ = {isa = PBXFileReference; lastKnownFileType = sourcecode.swift; path = TestPerson.swift; sourceTree = "<group>"; };
		3108A7982B680283004708EF /* Person.swift */ = {isa = PBXFileReference; lastKnownFileType = sourcecode.swift; path = Person.swift; sourceTree = "<group>"; };
/* End PBXFileReference section */

/* Begin PBXFrameworksBuildPhase section */
		3108A7752B67F5C9004708EF /* Frameworks */ = {
			isa = PBXFrameworksBuildPhase;
			buildActionMask = 2147483647;
			files = (
			);
			runOnlyForDeploymentPostprocessing = 0;
		};
		3108A78A2B67F669004708EF /* Frameworks */ = {
			isa = PBXFrameworksBuildPhase;
			buildActionMask = 2147483647;
			files = (
			);
			runOnlyForDeploymentPostprocessing = 0;
		};
/* End PBXFrameworksBuildPhase section */

/* Begin PBXGroup section */
		3108A76F2B67F5C9004708EF = {
			isa = PBXGroup;
			children = (
				3108A77A2B67F5C9004708EF /* BasicUnitTest */,
				3108A78E2B67F66A004708EF /* BasicUnitTestTests */,
				3108A7792B67F5C9004708EF /* Products */,
			);
			sourceTree = "<group>";
		};
		3108A7792B67F5C9004708EF /* Products */ = {
			isa = PBXGroup;
			children = (
				3108A7782B67F5C9004708EF /* BasicUnitTest.app */,
				3108A78D2B67F669004708EF /* BasicUnitTestTests.xctest */,
			);
			name = Products;
			sourceTree = "<group>";
		};
		3108A77A2B67F5C9004708EF /* BasicUnitTest */ = {
			isa = PBXGroup;
			children = (
				3108A77B2B67F5C9004708EF /* BasicUnitTestApp.swift */,
				3108A7982B680283004708EF /* Person.swift */,
				3108A77D2B67F5C9004708EF /* ContentView.swift */,
				3108A77F2B67F5CB004708EF /* Assets.xcassets */,
				3108A7812B67F5CB004708EF /* Preview Content */,
			);
			path = BasicUnitTest;
			sourceTree = "<group>";
		};
		3108A7812B67F5CB004708EF /* Preview Content */ = {
			isa = PBXGroup;
			children = (
				3108A7822B67F5CB004708EF /* Preview Assets.xcassets */,
			);
			path = "Preview Content";
			sourceTree = "<group>";
		};
		3108A78E2B67F66A004708EF /* BasicUnitTestTests */ = {
			isa = PBXGroup;
			children = (
				3108A78F2B67F66A004708EF /* BasicUnitTestTests.swift */,
				3108A7962B680078004708EF /* TestPerson.swift */,
			);
			path = BasicUnitTestTests;
			sourceTree = "<group>";
		};
/* End PBXGroup section */

/* Begin PBXNativeTarget section */
		3108A7772B67F5C9004708EF /* BasicUnitTest */ = {
			isa = PBXNativeTarget;
			buildConfigurationList = 3108A7862B67F5CB004708EF /* Build configuration list for PBXNativeTarget "BasicUnitTest" */;
			buildPhases = (
				3108A7742B67F5C9004708EF /* Sources */,
				3108A7752B67F5C9004708EF /* Frameworks */,
				3108A7762B67F5C9004708EF /* Resources */,
			);
			buildRules = (
			);
			dependencies = (
			);
			name = BasicUnitTest;
			productName = BasicUnitTest;
			productReference = 3108A7782B67F5C9004708EF /* BasicUnitTest.app */;
			productType = "com.apple.product-type.application";
		};
		3108A78C2B67F669004708EF /* BasicUnitTestTests */ = {
			isa = PBXNativeTarget;
			buildConfigurationList = 3108A7932B67F66A004708EF /* Build configuration list for PBXNativeTarget "BasicUnitTestTests" */;
			buildPhases = (
				3108A7892B67F669004708EF /* Sources */,
				3108A78A2B67F669004708EF /* Frameworks */,
				3108A78B2B67F669004708EF /* Resources */,
			);
			buildRules = (
			);
			dependencies = (
				3108A7922B67F66A004708EF /* PBXTargetDependency */,
			);
			name = BasicUnitTestTests;
			productName = BasicUnitTestTests;
			productReference = 3108A78D2B67F669004708EF /* BasicUnitTestTests.xctest */;
			productType = "com.apple.product-type.bundle.unit-test";
		};
/* End PBXNativeTarget section */

/* Begin PBXProject section */
		3108A7702B67F5C9004708EF /* Project object */ = {
			isa = PBXProject;
			attributes = {
				BuildIndependentTargetsInParallel = 1;
				LastSwiftUpdateCheck = 1500;
				LastUpgradeCheck = 1500;
				TargetAttributes = {
					3108A7772B67F5C9004708EF = {
						CreatedOnToolsVersion = 15.0;
					};
					3108A78C2B67F669004708EF = {
						CreatedOnToolsVersion = 15.0;
						TestTargetID = 3108A7772B67F5C9004708EF;
					};
				};
			};
			buildConfigurationList = 3108A7732B67F5C9004708EF /* Build configuration list for PBXProject "BasicUnitTest" */;
			compatibilityVersion = "Xcode 14.0";
			developmentRegion = en;
			hasScannedForEncodings = 0;
			knownRegions = (
				en,
				Base,
			);
			mainGroup = 3108A76F2B67F5C9004708EF;
			productRefGroup = 3108A7792B67F5C9004708EF /* Products */;
			projectDirPath = "";
			projectRoot = "";
			targets = (
				3108A7772B67F5C9004708EF /* BasicUnitTest */,
				3108A78C2B67F669004708EF /* BasicUnitTestTests */,
			);
		};
/* End PBXProject section */

/* Begin PBXResourcesBuildPhase section */
		3108A7762B67F5C9004708EF /* Resources */ = {
			isa = PBXResourcesBuildPhase;
			buildActionMask = 2147483647;
			files = (
				3108A7832B67F5CB004708EF /* Preview Assets.xcassets in Resources */,
				3108A7802B67F5CB004708EF /* Assets.xcassets in Resources */,
			);
			runOnlyForDeploymentPostprocessing = 0;
		};
		3108A78B2B67F669004708EF /* Resources */ = {
			isa = PBXResourcesBuildPhase;
			buildActionMask = 2147483647;
			files = (
			);
			runOnlyForDeploymentPostprocessing = 0;
		};
/* End PBXResourcesBuildPhase section */

/* Begin PBXSourcesBuildPhase section */
		3108A7742B67F5C9004708EF /* Sources */ = {
			isa = PBXSourcesBuildPhase;
			buildActionMask = 2147483647;
			files = (
				3108A7992B680283004708EF /* Person.swift in Sources */,
				3108A77E2B67F5C9004708EF /* ContentView.swift in Sources */,
				3108A77C2B67F5C9004708EF /* BasicUnitTestApp.swift in Sources */,
			);
			runOnlyForDeploymentPostprocessing = 0;
		};
		3108A7892B67F669004708EF /* Sources */ = {
			isa = PBXSourcesBuildPhase;
			buildActionMask = 2147483647;
			files = (
				3108A7972B680078004708EF /* TestPerson.swift in Sources */,
				3108A7902B67F66A004708EF /* BasicUnitTestTests.swift in Sources */,
			);
			runOnlyForDeploymentPostprocessing = 0;
		};
/* End PBXSourcesBuildPhase section */

/* Begin PBXTargetDependency section */
		3108A7922B67F66A004708EF /* PBXTargetDependency */ = {
			isa = PBXTargetDependency;
			target = 3108A7772B67F5C9004708EF /* BasicUnitTest */;
			targetProxy = 3108A7912B67F66A004708EF /* PBXContainerItemProxy */;
		};
/* End PBXTargetDependency section */

/* Begin XCBuildConfiguration section */
		3108A7842B67F5CB004708EF /* Debug */ = {
			isa = XCBuildConfiguration;
			buildSettings = {
				ALWAYS_SEARCH_USER_PATHS = NO;
				ASSETCATALOG_COMPILER_GENERATE_SWIFT_ASSET_SYMBOL_EXTENSIONS = YES;
				CLANG_ANALYZER_NONNULL = YES;
				CLANG_ANALYZER_NUMBER_OBJECT_CONVERSION = YES_AGGRESSIVE;
				CLANG_CXX_LANGUAGE_STANDARD = "gnu++20";
				CLANG_ENABLE_MODULES = YES;
				CLANG_ENABLE_OBJC_ARC = YES;
				CLANG_ENABLE_OBJC_WEAK = YES;
				CLANG_WARN_BLOCK_CAPTURE_AUTORELEASING = YES;
				CLANG_WARN_BOOL_CONVERSION = YES;
				CLANG_WARN_COMMA = YES;
				CLANG_WARN_CONSTANT_CONVERSION = YES;
				CLANG_WARN_DEPRECATED_OBJC_IMPLEMENTATIONS = YES;
				CLANG_WARN_DIRECT_OBJC_ISA_USAGE = YES_ERROR;
				CLANG_WARN_DOCUMENTATION_COMMENTS = YES;
				CLANG_WARN_EMPTY_BODY = YES;
				CLANG_WARN_ENUM_CONVERSION = YES;
				CLANG_WARN_INFINITE_RECURSION = YES;
				CLANG_WARN_INT_CONVERSION = YES;
				CLANG_WARN_NON_LITERAL_NULL_CONVERSION = YES;
				CLANG_WARN_OBJC_IMPLICIT_RETAIN_SELF = YES;
				CLANG_WARN_OBJC_LITERAL_CONVERSION = YES;
				CLANG_WARN_OBJC_ROOT_CLASS = YES_ERROR;
				CLANG_WARN_QUOTED_INCLUDE_IN_FRAMEWORK_HEADER = YES;
				CLANG_WARN_RANGE_LOOP_ANALYSIS = YES;
				CLANG_WARN_STRICT_PROTOTYPES = YES;
				CLANG_WARN_SUSPICIOUS_MOVE = YES;
				CLANG_WARN_UNGUARDED_AVAILABILITY = YES_AGGRESSIVE;
				CLANG_WARN_UNREACHABLE_CODE = YES;
				CLANG_WARN__DUPLICATE_METHOD_MATCH = YES;
				COPY_PHASE_STRIP = NO;
				DEBUG_INFORMATION_FORMAT = dwarf;
				ENABLE_STRICT_OBJC_MSGSEND = YES;
				ENABLE_TESTABILITY = YES;
				ENABLE_USER_SCRIPT_SANDBOXING = YES;
				GCC_C_LANGUAGE_STANDARD = gnu17;
				GCC_DYNAMIC_NO_PIC = NO;
				GCC_NO_COMMON_BLOCKS = YES;
				GCC_OPTIMIZATION_LEVEL = 0;
				GCC_PREPROCESSOR_DEFINITIONS = (
					"DEBUG=1",
					"$(inherited)",
				);
				GCC_WARN_64_TO_32_BIT_CONVERSION = YES;
				GCC_WARN_ABOUT_RETURN_TYPE = YES_ERROR;
				GCC_WARN_UNDECLARED_SELECTOR = YES;
				GCC_WARN_UNINITIALIZED_AUTOS = YES_AGGRESSIVE;
				GCC_WARN_UNUSED_FUNCTION = YES;
				GCC_WARN_UNUSED_VARIABLE = YES;
				IPHONEOS_DEPLOYMENT_TARGET = 17.0;
				LOCALIZATION_PREFERS_STRING_CATALOGS = YES;
				MTL_ENABLE_DEBUG_INFO = INCLUDE_SOURCE;
				MTL_FAST_MATH = YES;
				ONLY_ACTIVE_ARCH = YES;
				SDKROOT = iphoneos;
				SWIFT_ACTIVE_COMPILATION_CONDITIONS = "DEBUG $(inherited)";
				SWIFT_OPTIMIZATION_LEVEL = "-Onone";
			};
			name = Debug;
		};
		3108A7852B67F5CB004708EF /* Release */ = {
			isa = XCBuildConfiguration;
			buildSettings = {
				ALWAYS_SEARCH_USER_PATHS = NO;
				ASSETCATALOG_COMPILER_GENERATE_SWIFT_ASSET_SYMBOL_EXTENSIONS = YES;
				CLANG_ANALYZER_NONNULL = YES;
				CLANG_ANALYZER_NUMBER_OBJECT_CONVERSION = YES_AGGRESSIVE;
				CLANG_CXX_LANGUAGE_STANDARD = "gnu++20";
				CLANG_ENABLE_MODULES = YES;
				CLANG_ENABLE_OBJC_ARC = YES;
				CLANG_ENABLE_OBJC_WEAK = YES;
				CLANG_WARN_BLOCK_CAPTURE_AUTORELEASING = YES;
				CLANG_WARN_BOOL_CONVERSION = YES;
				CLANG_WARN_COMMA = YES;
				CLANG_WARN_CONSTANT_CONVERSION = YES;
				CLANG_WARN_DEPRECATED_OBJC_IMPLEMENTATIONS = YES;
				CLANG_WARN_DIRECT_OBJC_ISA_USAGE = YES_ERROR;
				CLANG_WARN_DOCUMENTATION_COMMENTS = YES;
				CLANG_WARN_EMPTY_BODY = YES;
				CLANG_WARN_ENUM_CONVERSION = YES;
				CLANG_WARN_INFINITE_RECURSION = YES;
				CLANG_WARN_INT_CONVERSION = YES;
				CLANG_WARN_NON_LITERAL_NULL_CONVERSION = YES;
				CLANG_WARN_OBJC_IMPLICIT_RETAIN_SELF = YES;
				CLANG_WARN_OBJC_LITERAL_CONVERSION = YES;
				CLANG_WARN_OBJC_ROOT_CLASS = YES_ERROR;
				CLANG_WARN_QUOTED_INCLUDE_IN_FRAMEWORK_HEADER = YES;
				CLANG_WARN_RANGE_LOOP_ANALYSIS = YES;
				CLANG_WARN_STRICT_PROTOTYPES = YES;
				CLANG_WARN_SUSPICIOUS_MOVE = YES;
				CLANG_WARN_UNGUARDED_AVAILABILITY = YES_AGGRESSIVE;
				CLANG_WARN_UNREACHABLE_CODE = YES;
				CLANG_WARN__DUPLICATE_METHOD_MATCH = YES;
				COPY_PHASE_STRIP = NO;
				DEBUG_INFORMATION_FORMAT = "dwarf-with-dsym";
				ENABLE_NS_ASSERTIONS = NO;
				ENABLE_STRICT_OBJC_MSGSEND = YES;
				ENABLE_USER_SCRIPT_SANDBOXING = YES;
				GCC_C_LANGUAGE_STANDARD = gnu17;
				GCC_NO_COMMON_BLOCKS = YES;
				GCC_WARN_64_TO_32_BIT_CONVERSION = YES;
				GCC_WARN_ABOUT_RETURN_TYPE = YES_ERROR;
				GCC_WARN_UNDECLARED_SELECTOR = YES;
				GCC_WARN_UNINITIALIZED_AUTOS = YES_AGGRESSIVE;
				GCC_WARN_UNUSED_FUNCTION = YES;
				GCC_WARN_UNUSED_VARIABLE = YES;
				IPHONEOS_DEPLOYMENT_TARGET = 17.0;
				LOCALIZATION_PREFERS_STRING_CATALOGS = YES;
				MTL_ENABLE_DEBUG_INFO = NO;
				MTL_FAST_MATH = YES;
				SDKROOT = iphoneos;
				SWIFT_COMPILATION_MODE = wholemodule;
				VALIDATE_PRODUCT = YES;
			};
			name = Release;
		};
		3108A7872B67F5CB004708EF /* Debug */ = {
			isa = XCBuildConfiguration;
			buildSettings = {
				ASSETCATALOG_COMPILER_APPICON_NAME = AppIcon;
				ASSETCATALOG_COMPILER_GLOBAL_ACCENT_COLOR_NAME = AccentColor;
				CODE_SIGN_STYLE = Automatic;
				CURRENT_PROJECT_VERSION = 1;
				DEVELOPMENT_ASSET_PATHS = "\"BasicUnitTest/Preview Content\"";
				DEVELOPMENT_TEAM = B94244JN36;
				ENABLE_PREVIEWS = YES;
				GENERATE_INFOPLIST_FILE = YES;
				INFOPLIST_KEY_UIApplicationSceneManifest_Generation = YES;
				INFOPLIST_KEY_UIApplicationSupportsIndirectInputEvents = YES;
				INFOPLIST_KEY_UILaunchScreen_Generation = YES;
				INFOPLIST_KEY_UISupportedInterfaceOrientations_iPad = "UIInterfaceOrientationPortrait UIInterfaceOrientationPortraitUpsideDown UIInterfaceOrientationLandscapeLeft UIInterfaceOrientationLandscapeRight";
				INFOPLIST_KEY_UISupportedInterfaceOrientations_iPhone = "UIInterfaceOrientationPortrait UIInterfaceOrientationLandscapeLeft UIInterfaceOrientationLandscapeRight";
				LD_RUNPATH_SEARCH_PATHS = (
					"$(inherited)",
					"@executable_path/Frameworks",
				);
				MARKETING_VERSION = 1.0;
				PRODUCT_BUNDLE_IDENTIFIER = "com.Austin-Dobberfuhl.BasicUnitTest";
				PRODUCT_NAME = "$(TARGET_NAME)";
				SWIFT_EMIT_LOC_STRINGS = YES;
				SWIFT_VERSION = 5.0;
				TARGETED_DEVICE_FAMILY = "1,2";
			};
			name = Debug;
		};
		3108A7882B67F5CB004708EF /* Release */ = {
			isa = XCBuildConfiguration;
			buildSettings = {
				ASSETCATALOG_COMPILER_APPICON_NAME = AppIcon;
				ASSETCATALOG_COMPILER_GLOBAL_ACCENT_COLOR_NAME = AccentColor;
				CODE_SIGN_STYLE = Automatic;
				CURRENT_PROJECT_VERSION = 1;
				DEVELOPMENT_ASSET_PATHS = "\"BasicUnitTest/Preview Content\"";
				DEVELOPMENT_TEAM = B94244JN36;
				ENABLE_PREVIEWS = YES;
				GENERATE_INFOPLIST_FILE = YES;
				INFOPLIST_KEY_UIApplicationSceneManifest_Generation = YES;
				INFOPLIST_KEY_UIApplicationSupportsIndirectInputEvents = YES;
				INFOPLIST_KEY_UILaunchScreen_Generation = YES;
				INFOPLIST_KEY_UISupportedInterfaceOrientations_iPad = "UIInterfaceOrientationPortrait UIInterfaceOrientationPortraitUpsideDown UIInterfaceOrientationLandscapeLeft UIInterfaceOrientationLandscapeRight";
				INFOPLIST_KEY_UISupportedInterfaceOrientations_iPhone = "UIInterfaceOrientationPortrait UIInterfaceOrientationLandscapeLeft UIInterfaceOrientationLandscapeRight";
				LD_RUNPATH_SEARCH_PATHS = (
					"$(inherited)",
					"@executable_path/Frameworks",
				);
				MARKETING_VERSION = 1.0;
				PRODUCT_BUNDLE_IDENTIFIER = "com.Austin-Dobberfuhl.BasicUnitTest";
				PRODUCT_NAME = "$(TARGET_NAME)";
				SWIFT_EMIT_LOC_STRINGS = YES;
				SWIFT_VERSION = 5.0;
				TARGETED_DEVICE_FAMILY = "1,2";
			};
			name = Release;
		};
		3108A7942B67F66A004708EF /* Debug */ = {
			isa = XCBuildConfiguration;
			buildSettings = {
				BUNDLE_LOADER = "$(TEST_HOST)";
				CODE_SIGN_STYLE = Automatic;
				CURRENT_PROJECT_VERSION = 1;
				DEVELOPMENT_TEAM = B94244JN36;
				GENERATE_INFOPLIST_FILE = YES;
				MARKETING_VERSION = 1.0;
				PRODUCT_BUNDLE_IDENTIFIER = "com.Austin-Dobberfuhl.BasicUnitTestTests";
				PRODUCT_NAME = "$(TARGET_NAME)";
				SWIFT_EMIT_LOC_STRINGS = NO;
				SWIFT_VERSION = 5.0;
				TARGETED_DEVICE_FAMILY = "1,2";
				TEST_HOST = "$(BUILT_PRODUCTS_DIR)/BasicUnitTest.app/$(BUNDLE_EXECUTABLE_FOLDER_PATH)/BasicUnitTest";
			};
			name = Debug;
		};
		3108A7952B67F66A004708EF /* Release */ = {
			isa = XCBuildConfiguration;
			buildSettings = {
				BUNDLE_LOADER = "$(TEST_HOST)";
				CODE_SIGN_STYLE = Automatic;
				CURRENT_PROJECT_VERSION = 1;
				DEVELOPMENT_TEAM = B94244JN36;
				GENERATE_INFOPLIST_FILE = YES;
				MARKETING_VERSION = 1.0;
				PRODUCT_BUNDLE_IDENTIFIER = "com.Austin-Dobberfuhl.BasicUnitTestTests";
				PRODUCT_NAME = "$(TARGET_NAME)";
				SWIFT_EMIT_LOC_STRINGS = NO;
				SWIFT_VERSION = 5.0;
				TARGETED_DEVICE_FAMILY = "1,2";
				TEST_HOST = "$(BUILT_PRODUCTS_DIR)/BasicUnitTest.app/$(BUNDLE_EXECUTABLE_FOLDER_PATH)/BasicUnitTest";
			};
			name = Release;
		};
/* End XCBuildConfiguration section */

/* Begin XCConfigurationList section */
		3108A7732B67F5C9004708EF /* Build configuration list for PBXProject "BasicUnitTest" */ = {
			isa = XCConfigurationList;
			buildConfigurations = (
				3108A7842B67F5CB004708EF /* Debug */,
				3108A7852B67F5CB004708EF /* Release */,
			);
			defaultConfigurationIsVisible = 0;
			defaultConfigurationName = Release;
		};
		3108A7862B67F5CB004708EF /* Build configuration list for PBXNativeTarget "BasicUnitTest" */ = {
			isa = XCConfigurationList;
			buildConfigurations = (
				3108A7872B67F5CB004708EF /* Debug */,
				3108A7882B67F5CB004708EF /* Release */,
			);
			defaultConfigurationIsVisible = 0;
			defaultConfigurationName = Release;
		};
		3108A7932B67F66A004708EF /* Build configuration list for PBXNativeTarget "BasicUnitTestTests" */ = {
			isa = XCConfigurationList;
			buildConfigurations = (
				3108A7942B67F66A004708EF /* Debug */,
				3108A7952B67F66A004708EF /* Release */,
			);
			defaultConfigurationIsVisible = 0;
			defaultConfigurationName = Release;
		};
/* End XCConfigurationList section */
	};
	rootObject = 3108A7702B67F5C9004708EF /* Project object */;
}
